
Microsoft Visual Studio Solution File, Format Version 12.00
# Visual Studio 15
VisualStudioVersion = 15.0.26730.16
MinimumVisualStudioVersion = 10.0.40219.1
Project("{FAE04EC0-301F-11D3-BF4B-00C04F79EFBC}") = "WcfServiceStudent_Console_Consumer", "WcfServiceStudent_Console_Consumer\WcfServiceStudent_Console_Consumer.csproj", "{CDF50FF4-05E1-4DDA-91A4-6ADA6E9A11E2}"
EndProject
Global
	GlobalSection(SolutionConfigurationPlatforms) = preSolution
		Debug|Any CPU = Debug|Any CPU
		Release|Any CPU = Release|Any CPU
	EndGlobalSection
	GlobalSection(ProjectConfigurationPlatforms) = postSolution
		{CDF50FF4-05E1-4DDA-91A4-6ADA6E9A11E2}.Debug|Any CPU.ActiveCfg = Debug|Any CPU
		{CDF50FF4-05E1-4DDA-91A4-6ADA6E9A11E2}.Debug|Any CPU.Build.0 = Debug|Any CPU
		{CDF50FF4-05E1-4DDA-91A4-6ADA6E9A11E2}.Release|Any CPU.ActiveCfg = Release|Any CPU
		{CDF50FF4-05E1-4DDA-91A4-6ADA6E9A11E2}.Release|Any CPU.Build.0 = Release|Any CPU
	EndGlobalSection
	GlobalSection(SolutionProperties) = preSolution
		HideSolutionNode = FALSE
	EndGlobalSection
	GlobalSection(ExtensibilityGlobals) = postSolution
		SolutionGuid = {C96EC957-A16D-4970-B9DF-D966B3B0350E}
	EndGlobalSection
EndGlobal
